
Microsoft Visual Studio Solution File, Format Version 12.00
# Visual Studio 14
VisualStudioVersion = 14.0.25420.1
MinimumVisualStudioVersion = 10.0.40219.1
Project("{FAE04EC0-301F-11D3-BF4B-00C04F79EFBC}") = "FileSysService", "FileSysService\FileSysService.csproj", "{3087A110-1D7E-4300-B396-DA1EB085E8FE}"
EndProject
Project("{FAE04EC0-301F-11D3-BF4B-00C04F79EFBC}") = "Core", "Core\Core.csproj", "{0CBD35CB-5592-484E-90A4-AF7AEF4B8549}"
EndProject
Project("{FAE04EC0-301F-11D3-BF4B-00C04F79EFBC}") = "ConfigAdmin", "ConfigAdmin\ConfigAdmin.csproj", "{971DBE74-B810-457E-9043-11D0AC9775F2}"
EndProject
Project("{6141683F-8A12-4E36-9623-2EB02B2C2303}") = "Setup", "Setup\Setup.isproj", "{55AFED03-B141-44F6-9B3A-1911C4E2982D}"
	ProjectSection(ProjectDependencies) = postProject
		{3087A110-1D7E-4300-B396-DA1EB085E8FE} = {3087A110-1D7E-4300-B396-DA1EB085E8FE}
		{971DBE74-B810-457E-9043-11D0AC9775F2} = {971DBE74-B810-457E-9043-11D0AC9775F2}
	EndProjectSection
EndProject
Global
	GlobalSection(SolutionConfigurationPlatforms) = preSolution
		CD_ROM|Any CPU = CD_ROM|Any CPU
		Debug|Any CPU = Debug|Any CPU
		DVD-5|Any CPU = DVD-5|Any CPU
		Release|Any CPU = Release|Any CPU
		SingleImage|Any CPU = SingleImage|Any CPU
	EndGlobalSection
	GlobalSection(ProjectConfigurationPlatforms) = postSolution
		{3087A110-1D7E-4300-B396-DA1EB085E8FE}.CD_ROM|Any CPU.ActiveCfg = Release|Any CPU
		{3087A110-1D7E-4300-B396-DA1EB085E8FE}.CD_ROM|Any CPU.Build.0 = Release|Any CPU
		{3087A110-1D7E-4300-B396-DA1EB085E8FE}.Debug|Any CPU.ActiveCfg = Debug|Any CPU
		{3087A110-1D7E-4300-B396-DA1EB085E8FE}.Debug|Any CPU.Build.0 = Debug|Any CPU
		{3087A110-1D7E-4300-B396-DA1EB085E8FE}.DVD-5|Any CPU.ActiveCfg = Debug|Any CPU
		{3087A110-1D7E-4300-B396-DA1EB085E8FE}.DVD-5|Any CPU.Build.0 = Debug|Any CPU
		{3087A110-1D7E-4300-B396-DA1EB085E8FE}.Release|Any CPU.ActiveCfg = Release|Any CPU
		{3087A110-1D7E-4300-B396-DA1EB085E8FE}.Release|Any CPU.Build.0 = Release|Any CPU
		{3087A110-1D7E-4300-B396-DA1EB085E8FE}.SingleImage|Any CPU.ActiveCfg = Release|Any CPU
		{3087A110-1D7E-4300-B396-DA1EB085E8FE}.SingleImage|Any CPU.Build.0 = Release|Any CPU
		{0CBD35CB-5592-484E-90A4-AF7AEF4B8549}.CD_ROM|Any CPU.ActiveCfg = Release|Any CPU
		{0CBD35CB-5592-484E-90A4-AF7AEF4B8549}.CD_ROM|Any CPU.Build.0 = Release|Any CPU
		{0CBD35CB-5592-484E-90A4-AF7AEF4B8549}.Debug|Any CPU.ActiveCfg = Debug|Any CPU
		{0CBD35CB-5592-484E-90A4-AF7AEF4B8549}.Debug|Any CPU.Build.0 = Debug|Any CPU
		{0CBD35CB-5592-484E-90A4-AF7AEF4B8549}.DVD-5|Any CPU.ActiveCfg = Debug|Any CPU
		{0CBD35CB-5592-484E-90A4-AF7AEF4B8549}.DVD-5|Any CPU.Build.0 = Debug|Any CPU
		{0CBD35CB-5592-484E-90A4-AF7AEF4B8549}.Release|Any CPU.ActiveCfg = Release|Any CPU
		{0CBD35CB-5592-484E-90A4-AF7AEF4B8549}.Release|Any CPU.Build.0 = Release|Any CPU
		{0CBD35CB-5592-484E-90A4-AF7AEF4B8549}.SingleImage|Any CPU.ActiveCfg = Release|Any CPU
		{0CBD35CB-5592-484E-90A4-AF7AEF4B8549}.SingleImage|Any CPU.Build.0 = Release|Any CPU
		{971DBE74-B810-457E-9043-11D0AC9775F2}.CD_ROM|Any CPU.ActiveCfg = Release|Any CPU
		{971DBE74-B810-457E-9043-11D0AC9775F2}.CD_ROM|Any CPU.Build.0 = Release|Any CPU
		{971DBE74-B810-457E-9043-11D0AC9775F2}.Debug|Any CPU.ActiveCfg = Debug|Any CPU
		{971DBE74-B810-457E-9043-11D0AC9775F2}.Debug|Any CPU.Build.0 = Debug|Any CPU
		{971DBE74-B810-457E-9043-11D0AC9775F2}.DVD-5|Any CPU.ActiveCfg = Debug|Any CPU
		{971DBE74-B810-457E-9043-11D0AC9775F2}.DVD-5|Any CPU.Build.0 = Debug|Any CPU
		{971DBE74-B810-457E-9043-11D0AC9775F2}.Release|Any CPU.ActiveCfg = Release|Any CPU
		{971DBE74-B810-457E-9043-11D0AC9775F2}.Release|Any CPU.Build.0 = Release|Any CPU
		{971DBE74-B810-457E-9043-11D0AC9775F2}.SingleImage|Any CPU.ActiveCfg = Release|Any CPU
		{971DBE74-B810-457E-9043-11D0AC9775F2}.SingleImage|Any CPU.Build.0 = Release|Any CPU
		{55AFED03-B141-44F6-9B3A-1911C4E2982D}.CD_ROM|Any CPU.ActiveCfg = CD_ROM
		{55AFED03-B141-44F6-9B3A-1911C4E2982D}.CD_ROM|Any CPU.Build.0 = CD_ROM
		{55AFED03-B141-44F6-9B3A-1911C4E2982D}.Debug|Any CPU.ActiveCfg = SingleImage
		{55AFED03-B141-44F6-9B3A-1911C4E2982D}.Debug|Any CPU.Build.0 = SingleImage
		{55AFED03-B141-44F6-9B3A-1911C4E2982D}.DVD-5|Any CPU.ActiveCfg = DVD-5
		{55AFED03-B141-44F6-9B3A-1911C4E2982D}.DVD-5|Any CPU.Build.0 = DVD-5
		{55AFED03-B141-44F6-9B3A-1911C4E2982D}.Release|Any CPU.ActiveCfg = SingleImage
		{55AFED03-B141-44F6-9B3A-1911C4E2982D}.Release|Any CPU.Build.0 = SingleImage
		{55AFED03-B141-44F6-9B3A-1911C4E2982D}.SingleImage|Any CPU.ActiveCfg = SingleImage
		{55AFED03-B141-44F6-9B3A-1911C4E2982D}.SingleImage|Any CPU.Build.0 = SingleImage
	EndGlobalSection
	GlobalSection(SolutionProperties) = preSolution
		HideSolutionNode = FALSE
	EndGlobalSection
EndGlobal
